{
  "pins" : [
    {
      "identity" : "aws-crt-swift",
      "kind" : "remoteSourceControl",
      "location" : "https://github.com/awslabs/aws-crt-swift.git",
      "state" : {
        "revision" : "1846c60b9d50034f684384d8eef5e5aef7c40d6b",
        "version" : "0.3.1"
      }
    },
    {
      "identity" : "aws-sdk-swift",
      "kind" : "remoteSourceControl",
      "location" : "https://github.com/awslabs/aws-sdk-swift",
      "state" : {
        "branch" : "main",
        "revision" : "f6b8ec6da1c5a905591f3ed69c35078a46fe2b21"
      }
    },
    {
      "identity" : "smithy-swift",
      "kind" : "remoteSourceControl",
      "location" : "https://github.com/awslabs/smithy-swift.git",
      "state" : {
        "revision" : "e4285fe2b80bcc4eabe67f82b1c84344ec86124d",
        "version" : "0.5.0"
      }
    },
    {
      "identity" : "swift-collections",
      "kind" : "remoteSourceControl",
      "location" : "https://github.com/apple/swift-collections",
      "state" : {
        "revision" : "48254824bb4248676bf7ce56014ff57b142b77eb",
        "version" : "1.0.2"
      }
    },
    {
      "identity" : "swift-log",
      "kind" : "remoteSourceControl",
      "location" : "https://github.com/apple/swift-log.git",
      "state" : {
        "revision" : "6fe203dc33195667ce1759bf0182975e4653ba1c",
        "version" : "1.4.4"
      }
    },
    {
      "identity" : "xmlcoder",
      "kind" : "remoteSourceControl",
      "location" : "https://github.com/MaxDesiatov/XMLCoder.git",
      "state" : {
        "revision" : "ca932442d7481700f5434a7b138c47dd42d9902b",
        "version" : "0.14.0"
      }
    }
  ],
  "version" : 2
}
