// !$*UTF8*$!
{
	archiveVersion = 1;
	classes = {
	};
	objectVersion = 55;
	objects = {

/* Begin PBXBuildFile section */
		11F4F1E539353D7636843894 /* amplifyconfiguration.json in Resources */ = {isa = PBXBuildFile; fileRef = 58A83F6B7EFAD60770544423 /* amplifyconfiguration.json */; };
		552D2F5B2805411A00AD5E05 /* Custom Date Picker.swift in Sources */ = {isa = PBXBuildFile; fileRef = 552D2F5A2805411A00AD5E05 /* Custom Date Picker.swift */; };
		553CA72C2806728500D734E6 /* SignUpForEventView.swift in Sources */ = {isa = PBXBuildFile; fileRef = 553CA72B2806728500D734E6 /* SignUpForEventView.swift */; };
		553CA72E2807B8DD00D734E6 /* CalendarView.swift in Sources */ = {isa = PBXBuildFile; fileRef = 553CA72D2807B8DD00D734E6 /* CalendarView.swift */; };
		555B7AB827ED8D5A00196098 /* ElegantCalendar in Frameworks */ = {isa = PBXBuildFile; productRef = 555B7AB727ED8D5A00196098 /* ElegantCalendar */; };
		55A13FBF27E1A8D800379E8D /* amplifyconfiguration.json in Resources */ = {isa = PBXBuildFile; fileRef = 55A13FBE27E1A8D800379E8D /* amplifyconfiguration.json */; };
		55A13FC127E1A8DF00379E8D /* awsconfiguration.json in Resources */ = {isa = PBXBuildFile; fileRef = 55A13FC027E1A8DF00379E8D /* awsconfiguration.json */; };
		55A13FC327E1B09200379E8D /* SessionManager.swift in Sources */ = {isa = PBXBuildFile; fileRef = 55A13FC227E1B09200379E8D /* SessionManager.swift */; };
		55A74199286BE44C0027188A /* PageAfterLoginView.swift in Sources */ = {isa = PBXBuildFile; fileRef = 55A74198286BE44C0027188A /* PageAfterLoginView.swift */; };
		55C385FE2828A47700CA74B1 /* AddEventView.swift in Sources */ = {isa = PBXBuildFile; fileRef = 55C385FD2828A47700CA74B1 /* AddEventView.swift */; };
		55DCC0A827E6A50800D2AB56 /* ResetPasswordView.swift in Sources */ = {isa = PBXBuildFile; fileRef = 55DCC0A727E6A50800D2AB56 /* ResetPasswordView.swift */; };
		55DCC0AC27E6BDBE00D2AB56 /* ConfirmResetPasswordView.swift in Sources */ = {isa = PBXBuildFile; fileRef = 55DCC0AB27E6BDBE00D2AB56 /* ConfirmResetPasswordView.swift */; };
		55E1BD6D27E1955900F7ECC6 /* ViewController.swift in Sources */ = {isa = PBXBuildFile; fileRef = 55E1BD6C27E1955900F7ECC6 /* ViewController.swift */; };
		55E1BD7027E1955900F7ECC6 /* Main.storyboard in Resources */ = {isa = PBXBuildFile; fileRef = 55E1BD6E27E1955900F7ECC6 /* Main.storyboard */; };
		55E1BD7227E1955B00F7ECC6 /* Assets.xcassets in Resources */ = {isa = PBXBuildFile; fileRef = 55E1BD7127E1955B00F7ECC6 /* Assets.xcassets */; };
		55E1BD7527E1955B00F7ECC6 /* LaunchScreen.storyboard in Resources */ = {isa = PBXBuildFile; fileRef = 55E1BD7327E1955B00F7ECC6 /* LaunchScreen.storyboard */; };
		55E1BD7D27E1957300F7ECC6 /* PrettyModifierExtension.swift in Sources */ = {isa = PBXBuildFile; fileRef = 55E1BD7C27E1957300F7ECC6 /* PrettyModifierExtension.swift */; };
		55E1BD8127E195C100F7ECC6 /* AuthenticatedApp.swift in Sources */ = {isa = PBXBuildFile; fileRef = 55E1BD8027E195C100F7ECC6 /* AuthenticatedApp.swift */; };
		55E1BD8327E195D000F7ECC6 /* SignUpView.swift in Sources */ = {isa = PBXBuildFile; fileRef = 55E1BD8227E195D000F7ECC6 /* SignUpView.swift */; };
		55E1BD8527E195DF00F7ECC6 /* ConfirmationView.swift in Sources */ = {isa = PBXBuildFile; fileRef = 55E1BD8427E195DF00F7ECC6 /* ConfirmationView.swift */; };
		55E1BD8727E195EB00F7ECC6 /* LoginView.swift in Sources */ = {isa = PBXBuildFile; fileRef = 55E1BD8627E195EB00F7ECC6 /* LoginView.swift */; };
		A5E670DD6FF7357A5D0946BF /* awsconfiguration.json in Resources */ = {isa = PBXBuildFile; fileRef = F171AF5D5F067E724ACE3503 /* awsconfiguration.json */; };
		F4EB489FC2A1D4D62C3FB7F3 /* Pods_authenticated.framework in Frameworks */ = {isa = PBXBuildFile; fileRef = 8E843DD01378F51F100A9E0C /* Pods_authenticated.framework */; };
/* End PBXBuildFile section */

/* Begin PBXFileReference section */
		41E0F9112DF622A5F516732A /* Pods-authenticated.debug.xcconfig */ = {isa = PBXFileReference; includeInIndex = 1; lastKnownFileType = text.xcconfig; name = "Pods-authenticated.debug.xcconfig"; path = "Target Support Files/Pods-authenticated/Pods-authenticated.debug.xcconfig"; sourceTree = "<group>"; };
		552D2F5A2805411A00AD5E05 /* Custom Date Picker.swift */ = {isa = PBXFileReference; lastKnownFileType = sourcecode.swift; path = "Custom Date Picker.swift"; sourceTree = "<group>"; };
		553CA72B2806728500D734E6 /* SignUpForEventView.swift */ = {isa = PBXFileReference; lastKnownFileType = sourcecode.swift; path = SignUpForEventView.swift; sourceTree = "<group>"; };
		553CA72D2807B8DD00D734E6 /* CalendarView.swift */ = {isa = PBXFileReference; lastKnownFileType = sourcecode.swift; path = CalendarView.swift; sourceTree = "<group>"; };
		55A13FBE27E1A8D800379E8D /* amplifyconfiguration.json */ = {isa = PBXFileReference; fileEncoding = 4; lastKnownFileType = text.json; path = amplifyconfiguration.json; sourceTree = SOURCE_ROOT; };
		55A13FC027E1A8DF00379E8D /* awsconfiguration.json */ = {isa = PBXFileReference; fileEncoding = 4; lastKnownFileType = text.json; path = awsconfiguration.json; sourceTree = SOURCE_ROOT; };
		55A13FC227E1B09200379E8D /* SessionManager.swift */ = {isa = PBXFileReference; lastKnownFileType = sourcecode.swift; path = SessionManager.swift; sourceTree = "<group>"; };
		55A74198286BE44C0027188A /* PageAfterLoginView.swift */ = {isa = PBXFileReference; lastKnownFileType = sourcecode.swift; path = PageAfterLoginView.swift; sourceTree = "<group>"; };
		55C385FD2828A47700CA74B1 /* AddEventView.swift */ = {isa = PBXFileReference; lastKnownFileType = sourcecode.swift; path = AddEventView.swift; sourceTree = "<group>"; };
		55DCC0A727E6A50800D2AB56 /* ResetPasswordView.swift */ = {isa = PBXFileReference; lastKnownFileType = sourcecode.swift; path = ResetPasswordView.swift; sourceTree = "<group>"; };
		55DCC0AB27E6BDBE00D2AB56 /* ConfirmResetPasswordView.swift */ = {isa = PBXFileReference; lastKnownFileType = sourcecode.swift; path = ConfirmResetPasswordView.swift; sourceTree = "<group>"; };
		55E1BD6527E1955900F7ECC6 /* authenticated.app */ = {isa = PBXFileReference; explicitFileType = wrapper.application; includeInIndex = 0; path = authenticated.app; sourceTree = BUILT_PRODUCTS_DIR; };
		55E1BD6C27E1955900F7ECC6 /* ViewController.swift */ = {isa = PBXFileReference; lastKnownFileType = sourcecode.swift; path = ViewController.swift; sourceTree = "<group>"; };
		55E1BD6F27E1955900F7ECC6 /* Base */ = {isa = PBXFileReference; lastKnownFileType = file.storyboard; name = Base; path = Base.lproj/Main.storyboard; sourceTree = "<group>"; };
		55E1BD7127E1955B00F7ECC6 /* Assets.xcassets */ = {isa = PBXFileReference; lastKnownFileType = folder.assetcatalog; path = Assets.xcassets; sourceTree = "<group>"; };
		55E1BD7427E1955B00F7ECC6 /* Base */ = {isa = PBXFileReference; lastKnownFileType = file.storyboard; name = Base; path = Base.lproj/LaunchScreen.storyboard; sourceTree = "<group>"; };
		55E1BD7627E1955B00F7ECC6 /* Info.plist */ = {isa = PBXFileReference; lastKnownFileType = text.plist.xml; path = Info.plist; sourceTree = "<group>"; };
		55E1BD7C27E1957300F7ECC6 /* PrettyModifierExtension.swift */ = {isa = PBXFileReference; lastKnownFileType = sourcecode.swift; path = PrettyModifierExtension.swift; sourceTree = "<group>"; };
		55E1BD8027E195C100F7ECC6 /* AuthenticatedApp.swift */ = {isa = PBXFileReference; lastKnownFileType = sourcecode.swift; path = AuthenticatedApp.swift; sourceTree = "<group>"; };
		55E1BD8227E195D000F7ECC6 /* SignUpView.swift */ = {isa = PBXFileReference; lastKnownFileType = sourcecode.swift; path = SignUpView.swift; sourceTree = "<group>"; };
		55E1BD8427E195DF00F7ECC6 /* ConfirmationView.swift */ = {isa = PBXFileReference; lastKnownFileType = sourcecode.swift; path = ConfirmationView.swift; sourceTree = "<group>"; };
		55E1BD8627E195EB00F7ECC6 /* LoginView.swift */ = {isa = PBXFileReference; lastKnownFileType = sourcecode.swift; path = LoginView.swift; sourceTree = "<group>"; };
		58A83F6B7EFAD60770544423 /* amplifyconfiguration.json */ = {isa = PBXFileReference; explicitFileType = text.json; path = amplifyconfiguration.json; sourceTree = "<group>"; };
		8E843DD01378F51F100A9E0C /* Pods_authenticated.framework */ = {isa = PBXFileReference; explicitFileType = wrapper.framework; includeInIndex = 0; path = Pods_authenticated.framework; sourceTree = BUILT_PRODUCTS_DIR; };
		E63B7B4E6552DD623BF7F587 /* Pods-authenticated.release.xcconfig */ = {isa = PBXFileReference; includeInIndex = 1; lastKnownFileType = text.xcconfig; name = "Pods-authenticated.release.xcconfig"; path = "Target Support Files/Pods-authenticated/Pods-authenticated.release.xcconfig"; sourceTree = "<group>"; };
		F171AF5D5F067E724ACE3503 /* awsconfiguration.json */ = {isa = PBXFileReference; explicitFileType = text.json; path = awsconfiguration.json; sourceTree = "<group>"; };
/* End PBXFileReference section */

/* Begin PBXFrameworksBuildPhase section */
		55E1BD6227E1955900F7ECC6 /* Frameworks */ = {
			isa = PBXFrameworksBuildPhase;
			buildActionMask = 2147483647;
			files = (
				F4EB489FC2A1D4D62C3FB7F3 /* Pods_authenticated.framework in Frameworks */,
				555B7AB827ED8D5A00196098 /* ElegantCalendar in Frameworks */,
			);
			runOnlyForDeploymentPostprocessing = 0;
		};
/* End PBXFrameworksBuildPhase section */

/* Begin PBXGroup section */
		55E1BD5C27E1955900F7ECC6 = {
			isa = PBXGroup;
			children = (
				55E1BD6727E1955900F7ECC6 /* authenticated */,
				55E1BD6627E1955900F7ECC6 /* Products */,
				A0362CF16D2959F9047B429B /* Pods */,
				BA4809BC38C4EDB9F5E7FD2F /* AmplifyConfig */,
				FC638D31D55DF1B89D3C462B /* Frameworks */,
			);
			sourceTree = "<group>";
		};
		55E1BD6627E1955900F7ECC6 /* Products */ = {
			isa = PBXGroup;
			children = (
				55E1BD6527E1955900F7ECC6 /* authenticated.app */,
			);
			name = Products;
			sourceTree = "<group>";
		};
		55E1BD6727E1955900F7ECC6 /* authenticated */ = {
			isa = PBXGroup;
			children = (
				55A13FBE27E1A8D800379E8D /* amplifyconfiguration.json */,
				55A13FC027E1A8DF00379E8D /* awsconfiguration.json */,
				55E1BD8627E195EB00F7ECC6 /* LoginView.swift */,
				55DCC0A727E6A50800D2AB56 /* ResetPasswordView.swift */,
				55E1BD7C27E1957300F7ECC6 /* PrettyModifierExtension.swift */,
				55A13FC227E1B09200379E8D /* SessionManager.swift */,
				55A74198286BE44C0027188A /* PageAfterLoginView.swift */,
				55E1BD8027E195C100F7ECC6 /* AuthenticatedApp.swift */,
				55E1BD8227E195D000F7ECC6 /* SignUpView.swift */,
				55E1BD8427E195DF00F7ECC6 /* ConfirmationView.swift */,
				55C385FD2828A47700CA74B1 /* AddEventView.swift */,
				55DCC0AB27E6BDBE00D2AB56 /* ConfirmResetPasswordView.swift */,
				552D2F5A2805411A00AD5E05 /* Custom Date Picker.swift */,
				553CA72B2806728500D734E6 /* SignUpForEventView.swift */,
				553CA72D2807B8DD00D734E6 /* CalendarView.swift */,
				55E1BD6C27E1955900F7ECC6 /* ViewController.swift */,
				55E1BD6E27E1955900F7ECC6 /* Main.storyboard */,
				55E1BD7127E1955B00F7ECC6 /* Assets.xcassets */,
				55E1BD7327E1955B00F7ECC6 /* LaunchScreen.storyboard */,
				55E1BD7627E1955B00F7ECC6 /* Info.plist */,
			);
			path = authenticated;
			sourceTree = "<group>";
		};
		A0362CF16D2959F9047B429B /* Pods */ = {
			isa = PBXGroup;
			children = (
				41E0F9112DF622A5F516732A /* Pods-authenticated.debug.xcconfig */,
				E63B7B4E6552DD623BF7F587 /* Pods-authenticated.release.xcconfig */,
			);
			path = Pods;
			sourceTree = "<group>";
		};
		BA4809BC38C4EDB9F5E7FD2F /* AmplifyConfig */ = {
			isa = PBXGroup;
			children = (
				F171AF5D5F067E724ACE3503 /* awsconfiguration.json */,
				58A83F6B7EFAD60770544423 /* amplifyconfiguration.json */,
			);
			name = AmplifyConfig;
			sourceTree = "<group>";
		};
		FC638D31D55DF1B89D3C462B /* Frameworks */ = {
			isa = PBXGroup;
			children = (
				8E843DD01378F51F100A9E0C /* Pods_authenticated.framework */,
			);
			name = Frameworks;
			sourceTree = "<group>";
		};
/* End PBXGroup section */

/* Begin PBXNativeTarget section */
		55E1BD6427E1955900F7ECC6 /* authenticated */ = {
			isa = PBXNativeTarget;
			buildConfigurationList = 55E1BD7927E1955B00F7ECC6 /* Build configuration list for PBXNativeTarget "authenticated" */;
			buildPhases = (
				B6DCC1E5C5B5C2FEF0F5691A /* [CP] Check Pods Manifest.lock */,
				55E1BD6127E1955900F7ECC6 /* Sources */,
				55E1BD6227E1955900F7ECC6 /* Frameworks */,
				55E1BD6327E1955900F7ECC6 /* Resources */,
				4DB92503B278FF28BFC995D7 /* [CP] Embed Pods Frameworks */,
			);
			buildRules = (
			);
			dependencies = (
			);
			name = authenticated;
			packageProductDependencies = (
				555B7AB727ED8D5A00196098 /* ElegantCalendar */,
			);
			productName = authenticated;
			productReference = 55E1BD6527E1955900F7ECC6 /* authenticated.app */;
			productType = "com.apple.product-type.application";
		};
/* End PBXNativeTarget section */

/* Begin PBXProject section */
		55E1BD5D27E1955900F7ECC6 /* Project object */ = {
			isa = PBXProject;
			attributes = {
				BuildIndependentTargetsInParallel = 1;
				LastSwiftUpdateCheck = 1320;
				LastUpgradeCheck = 1320;
				TargetAttributes = {
					55E1BD6427E1955900F7ECC6 = {
						CreatedOnToolsVersion = 13.2.1;
					};
				};
			};
			buildConfigurationList = 55E1BD6027E1955900F7ECC6 /* Build configuration list for PBXProject "authenticated" */;
			compatibilityVersion = "Xcode 13.0";
			developmentRegion = en;
			hasScannedForEncodings = 0;
			knownRegions = (
				en,
				Base,
			);
			mainGroup = 55E1BD5C27E1955900F7ECC6;
			packageReferences = (
				555B7AB627ED8D5A00196098 /* XCRemoteSwiftPackageReference "ElegantCalendar" */,
			);
			productRefGroup = 55E1BD6627E1955900F7ECC6 /* Products */;
			projectDirPath = "";
			projectRoot = "";
			targets = (
				55E1BD6427E1955900F7ECC6 /* authenticated */,
			);
		};
/* End PBXProject section */

/* Begin PBXResourcesBuildPhase section */
		55E1BD6327E1955900F7ECC6 /* Resources */ = {
			isa = PBXResourcesBuildPhase;
			buildActionMask = 2147483647;
			files = (
				55E1BD7527E1955B00F7ECC6 /* LaunchScreen.storyboard in Resources */,
				55A13FC127E1A8DF00379E8D /* awsconfiguration.json in Resources */,
				55A13FBF27E1A8D800379E8D /* amplifyconfiguration.json in Resources */,
				55E1BD7227E1955B00F7ECC6 /* Assets.xcassets in Resources */,
				55E1BD7027E1955900F7ECC6 /* Main.storyboard in Resources */,
				A5E670DD6FF7357A5D0946BF /* awsconfiguration.json in Resources */,
				11F4F1E539353D7636843894 /* amplifyconfiguration.json in Resources */,
			);
			runOnlyForDeploymentPostprocessing = 0;
		};
/* End PBXResourcesBuildPhase section */

/* Begin PBXShellScriptBuildPhase section */
		4DB92503B278FF28BFC995D7 /* [CP] Embed Pods Frameworks */ = {
			isa = PBXShellScriptBuildPhase;
			buildActionMask = 2147483647;
			files = (
			);
			inputFileListPaths = (
				"${PODS_ROOT}/Target Support Files/Pods-authenticated/Pods-authenticated-frameworks-${CONFIGURATION}-input-files.xcfilelist",
			);
			name = "[CP] Embed Pods Frameworks";
			outputFileListPaths = (
				"${PODS_ROOT}/Target Support Files/Pods-authenticated/Pods-authenticated-frameworks-${CONFIGURATION}-output-files.xcfilelist",
			);
			runOnlyForDeploymentPostprocessing = 0;
			shellPath = /bin/sh;
			shellScript = "\"${PODS_ROOT}/Target Support Files/Pods-authenticated/Pods-authenticated-frameworks.sh\"\n";
			showEnvVarsInLog = 0;
		};
		B6DCC1E5C5B5C2FEF0F5691A /* [CP] Check Pods Manifest.lock */ = {
			isa = PBXShellScriptBuildPhase;
			buildActionMask = 2147483647;
			files = (
			);
			inputFileListPaths = (
			);
			inputPaths = (
				"${PODS_PODFILE_DIR_PATH}/Podfile.lock",
				"${PODS_ROOT}/Manifest.lock",
			);
			name = "[CP] Check Pods Manifest.lock";
			outputFileListPaths = (
			);
			outputPaths = (
				"$(DERIVED_FILE_DIR)/Pods-authenticated-checkManifestLockResult.txt",
			);
			runOnlyForDeploymentPostprocessing = 0;
			shellPath = /bin/sh;
			shellScript = "diff \"${PODS_PODFILE_DIR_PATH}/Podfile.lock\" \"${PODS_ROOT}/Manifest.lock\" > /dev/null\nif [ $? != 0 ] ; then\n    # print error to STDERR\n    echo \"error: The sandbox is not in sync with the Podfile.lock. Run 'pod install' or update your CocoaPods installation.\" >&2\n    exit 1\nfi\n# This output is used by Xcode 'outputs' to avoid re-running this script phase.\necho \"SUCCESS\" > \"${SCRIPT_OUTPUT_FILE_0}\"\n";
			showEnvVarsInLog = 0;
		};
/* End PBXShellScriptBuildPhase section */

/* Begin PBXSourcesBuildPhase section */
		55E1BD6127E1955900F7ECC6 /* Sources */ = {
			isa = PBXSourcesBuildPhase;
			buildActionMask = 2147483647;
			files = (
				55E1BD7D27E1957300F7ECC6 /* PrettyModifierExtension.swift in Sources */,
				55E1BD8127E195C100F7ECC6 /* AuthenticatedApp.swift in Sources */,
				55E1BD8527E195DF00F7ECC6 /* ConfirmationView.swift in Sources */,
				553CA72C2806728500D734E6 /* SignUpForEventView.swift in Sources */,
				55DCC0A827E6A50800D2AB56 /* ResetPasswordView.swift in Sources */,
				55C385FE2828A47700CA74B1 /* AddEventView.swift in Sources */,
				55E1BD6D27E1955900F7ECC6 /* ViewController.swift in Sources */,
				553CA72E2807B8DD00D734E6 /* CalendarView.swift in Sources */,
				55E1BD8327E195D000F7ECC6 /* SignUpView.swift in Sources */,
				552D2F5B2805411A00AD5E05 /* Custom Date Picker.swift in Sources */,
				55DCC0AC27E6BDBE00D2AB56 /* ConfirmResetPasswordView.swift in Sources */,
				55E1BD8727E195EB00F7ECC6 /* LoginView.swift in Sources */,
				55A74199286BE44C0027188A /* PageAfterLoginView.swift in Sources */,
				55A13FC327E1B09200379E8D /* SessionManager.swift in Sources */,
			);
			runOnlyForDeploymentPostprocessing = 0;
		};
/* End PBXSourcesBuildPhase section */

/* Begin PBXVariantGroup section */
		55E1BD6E27E1955900F7ECC6 /* Main.storyboard */ = {
			isa = PBXVariantGroup;
			children = (
				55E1BD6F27E1955900F7ECC6 /* Base */,
			);
			name = Main.storyboard;
			sourceTree = "<group>";
		};
		55E1BD7327E1955B00F7ECC6 /* LaunchScreen.storyboard */ = {
			isa = PBXVariantGroup;
			children = (
				55E1BD7427E1955B00F7ECC6 /* Base */,
			);
			name = LaunchScreen.storyboard;
			sourceTree = "<group>";
		};
/* End PBXVariantGroup section */

/* Begin XCBuildConfiguration section */
		55E1BD7727E1955B00F7ECC6 /* Debug */ = {
			isa = XCBuildConfiguration;
			buildSettings = {
				ALWAYS_SEARCH_USER_PATHS = NO;
				CLANG_ANALYZER_NONNULL = YES;
				CLANG_ANALYZER_NUMBER_OBJECT_CONVERSION = YES_AGGRESSIVE;
				CLANG_CXX_LANGUAGE_STANDARD = "gnu++17";
				CLANG_CXX_LIBRARY = "libc++";
				CLANG_ENABLE_MODULES = YES;
				CLANG_ENABLE_OBJC_ARC = YES;
				CLANG_ENABLE_OBJC_WEAK = YES;
				CLANG_WARN_BLOCK_CAPTURE_AUTORELEASING = YES;
				CLANG_WARN_BOOL_CONVERSION = YES;
				CLANG_WARN_COMMA = YES;
				CLANG_WARN_CONSTANT_CONVERSION = YES;
				CLANG_WARN_DEPRECATED_OBJC_IMPLEMENTATIONS = YES;
				CLANG_WARN_DIRECT_OBJC_ISA_USAGE = YES_ERROR;
				CLANG_WARN_DOCUMENTATION_COMMENTS = YES;
				CLANG_WARN_EMPTY_BODY = YES;
				CLANG_WARN_ENUM_CONVERSION = YES;
				CLANG_WARN_INFINITE_RECURSION = YES;
				CLANG_WARN_INT_CONVERSION = YES;
				CLANG_WARN_NON_LITERAL_NULL_CONVERSION = YES;
				CLANG_WARN_OBJC_IMPLICIT_RETAIN_SELF = YES;
				CLANG_WARN_OBJC_LITERAL_CONVERSION = YES;
				CLANG_WARN_OBJC_ROOT_CLASS = YES_ERROR;
				CLANG_WARN_QUOTED_INCLUDE_IN_FRAMEWORK_HEADER = YES;
				CLANG_WARN_RANGE_LOOP_ANALYSIS = YES;
				CLANG_WARN_STRICT_PROTOTYPES = YES;
				CLANG_WARN_SUSPICIOUS_MOVE = YES;
				CLANG_WARN_UNGUARDED_AVAILABILITY = YES_AGGRESSIVE;
				CLANG_WARN_UNREACHABLE_CODE = YES;
				CLANG_WARN__DUPLICATE_METHOD_MATCH = YES;
				COPY_PHASE_STRIP = NO;
				DEBUG_INFORMATION_FORMAT = dwarf;
				ENABLE_STRICT_OBJC_MSGSEND = YES;
				ENABLE_TESTABILITY = YES;
				GCC_C_LANGUAGE_STANDARD = gnu11;
				GCC_DYNAMIC_NO_PIC = NO;
				GCC_NO_COMMON_BLOCKS = NO;
				GCC_OPTIMIZATION_LEVEL = 0;
				GCC_PREPROCESSOR_DEFINITIONS = (
					"DEBUG=1",
					"$(inherited)",
				);
				GCC_WARN_64_TO_32_BIT_CONVERSION = YES;
				GCC_WARN_ABOUT_RETURN_TYPE = YES_ERROR;
				GCC_WARN_UNDECLARED_SELECTOR = YES;
				GCC_WARN_UNINITIALIZED_AUTOS = YES_AGGRESSIVE;
				GCC_WARN_UNUSED_FUNCTION = YES;
				GCC_WARN_UNUSED_VARIABLE = YES;
				IPHONEOS_DEPLOYMENT_TARGET = 15.2;
				MTL_ENABLE_DEBUG_INFO = INCLUDE_SOURCE;
				MTL_FAST_MATH = YES;
				ONLY_ACTIVE_ARCH = YES;
				SDKROOT = iphoneos;
				SWIFT_ACTIVE_COMPILATION_CONDITIONS = DEBUG;
				SWIFT_OPTIMIZATION_LEVEL = "-Onone";
			};
			name = Debug;
		};
		55E1BD7827E1955B00F7ECC6 /* Release */ = {
			isa = XCBuildConfiguration;
			buildSettings = {
				ALWAYS_SEARCH_USER_PATHS = NO;
				CLANG_ANALYZER_NONNULL = YES;
				CLANG_ANALYZER_NUMBER_OBJECT_CONVERSION = YES_AGGRESSIVE;
				CLANG_CXX_LANGUAGE_STANDARD = "gnu++17";
				CLANG_CXX_LIBRARY = "libc++";
				CLANG_ENABLE_MODULES = YES;
				CLANG_ENABLE_OBJC_ARC = YES;
				CLANG_ENABLE_OBJC_WEAK = YES;
				CLANG_WARN_BLOCK_CAPTURE_AUTORELEASING = YES;
				CLANG_WARN_BOOL_CONVERSION = YES;
				CLANG_WARN_COMMA = YES;
				CLANG_WARN_CONSTANT_CONVERSION = YES;
				CLANG_WARN_DEPRECATED_OBJC_IMPLEMENTATIONS = YES;
				CLANG_WARN_DIRECT_OBJC_ISA_USAGE = YES_ERROR;
				CLANG_WARN_DOCUMENTATION_COMMENTS = YES;
				CLANG_WARN_EMPTY_BODY = YES;
				CLANG_WARN_ENUM_CONVERSION = YES;
				CLANG_WARN_INFINITE_RECURSION = YES;
				CLANG_WARN_INT_CONVERSION = YES;
				CLANG_WARN_NON_LITERAL_NULL_CONVERSION = YES;
				CLANG_WARN_OBJC_IMPLICIT_RETAIN_SELF = YES;
				CLANG_WARN_OBJC_LITERAL_CONVERSION = YES;
				CLANG_WARN_OBJC_ROOT_CLASS = YES_ERROR;
				CLANG_WARN_QUOTED_INCLUDE_IN_FRAMEWORK_HEADER = YES;
				CLANG_WARN_RANGE_LOOP_ANALYSIS = YES;
				CLANG_WARN_STRICT_PROTOTYPES = YES;
				CLANG_WARN_SUSPICIOUS_MOVE = YES;
				CLANG_WARN_UNGUARDED_AVAILABILITY = YES_AGGRESSIVE;
				CLANG_WARN_UNREACHABLE_CODE = YES;
				CLANG_WARN__DUPLICATE_METHOD_MATCH = YES;
				COPY_PHASE_STRIP = NO;
				DEBUG_INFORMATION_FORMAT = "dwarf-with-dsym";
				ENABLE_NS_ASSERTIONS = NO;
				ENABLE_STRICT_OBJC_MSGSEND = YES;
				GCC_C_LANGUAGE_STANDARD = gnu11;
				GCC_NO_COMMON_BLOCKS = NO;
				GCC_WARN_64_TO_32_BIT_CONVERSION = YES;
				GCC_WARN_ABOUT_RETURN_TYPE = YES_ERROR;
				GCC_WARN_UNDECLARED_SELECTOR = YES;
				GCC_WARN_UNINITIALIZED_AUTOS = YES_AGGRESSIVE;
				GCC_WARN_UNUSED_FUNCTION = YES;
				GCC_WARN_UNUSED_VARIABLE = YES;
				IPHONEOS_DEPLOYMENT_TARGET = 15.2;
				MTL_ENABLE_DEBUG_INFO = NO;
				MTL_FAST_MATH = YES;
				SDKROOT = iphoneos;
				SWIFT_COMPILATION_MODE = wholemodule;
				SWIFT_OPTIMIZATION_LEVEL = "-O";
				VALIDATE_PRODUCT = YES;
			};
			name = Release;
		};
		55E1BD7A27E1955B00F7ECC6 /* Debug */ = {
			isa = XCBuildConfiguration;
			baseConfigurationReference = 41E0F9112DF622A5F516732A /* Pods-authenticated.debug.xcconfig */;
			buildSettings = {
				ASSETCATALOG_COMPILER_APPICON_NAME = AppIcon;
				ASSETCATALOG_COMPILER_GLOBAL_ACCENT_COLOR_NAME = AccentColor;
				CODE_SIGN_STYLE = Automatic;
				CURRENT_PROJECT_VERSION = 1;
				DEVELOPMENT_TEAM = 4U8SKPA48H;
				GENERATE_INFOPLIST_FILE = YES;
				INFOPLIST_FILE = authenticated/Info.plist;
				INFOPLIST_KEY_UIApplicationSupportsIndirectInputEvents = YES;
				INFOPLIST_KEY_UILaunchStoryboardName = LaunchScreen;
				INFOPLIST_KEY_UIMainStoryboardFile = Main;
				INFOPLIST_KEY_UISupportedInterfaceOrientations_iPad = "UIInterfaceOrientationPortrait UIInterfaceOrientationPortraitUpsideDown UIInterfaceOrientationLandscapeLeft UIInterfaceOrientationLandscapeRight";
				INFOPLIST_KEY_UISupportedInterfaceOrientations_iPhone = "UIInterfaceOrientationPortrait UIInterfaceOrientationLandscapeLeft UIInterfaceOrientationLandscapeRight";
				IPHONEOS_DEPLOYMENT_TARGET = 15.2;
				LD_RUNPATH_SEARCH_PATHS = (
					"$(inherited)",
					"@executable_path/Frameworks",
				);
				MARKETING_VERSION = 1.0;
				PRODUCT_BUNDLE_IDENTIFIER = sneha.authenticated;
				PRODUCT_NAME = "$(TARGET_NAME)";
				SWIFT_EMIT_LOC_STRINGS = YES;
				SWIFT_VERSION = 5.0;
				TARGETED_DEVICE_FAMILY = "1,2";
			};
			name = Debug;
		};
		55E1BD7B27E1955B00F7ECC6 /* Release */ = {
			isa = XCBuildConfiguration;
			baseConfigurationReference = E63B7B4E6552DD623BF7F587 /* Pods-authenticated.release.xcconfig */;
			buildSettings = {
				ASSETCATALOG_COMPILER_APPICON_NAME = AppIcon;
				ASSETCATALOG_COMPILER_GLOBAL_ACCENT_COLOR_NAME = AccentColor;
				CODE_SIGN_STYLE = Automatic;
				CURRENT_PROJECT_VERSION = 1;
				DEVELOPMENT_TEAM = 4U8SKPA48H;
				GENERATE_INFOPLIST_FILE = YES;
				INFOPLIST_FILE = authenticated/Info.plist;
				INFOPLIST_KEY_UIApplicationSupportsIndirectInputEvents = YES;
				INFOPLIST_KEY_UILaunchStoryboardName = LaunchScreen;
				INFOPLIST_KEY_UIMainStoryboardFile = Main;
				INFOPLIST_KEY_UISupportedInterfaceOrientations_iPad = "UIInterfaceOrientationPortrait UIInterfaceOrientationPortraitUpsideDown UIInterfaceOrientationLandscapeLeft UIInterfaceOrientationLandscapeRight";
				INFOPLIST_KEY_UISupportedInterfaceOrientations_iPhone = "UIInterfaceOrientationPortrait UIInterfaceOrientationLandscapeLeft UIInterfaceOrientationLandscapeRight";
				IPHONEOS_DEPLOYMENT_TARGET = 15.2;
				LD_RUNPATH_SEARCH_PATHS = (
					"$(inherited)",
					"@executable_path/Frameworks",
				);
				MARKETING_VERSION = 1.0;
				PRODUCT_BUNDLE_IDENTIFIER = sneha.authenticated;
				PRODUCT_NAME = "$(TARGET_NAME)";
				SWIFT_EMIT_LOC_STRINGS = YES;
				SWIFT_VERSION = 5.0;
				TARGETED_DEVICE_FAMILY = "1,2";
			};
			name = Release;
		};
/* End XCBuildConfiguration section */

/* Begin XCConfigurationList section */
		55E1BD6027E1955900F7ECC6 /* Build configuration list for PBXProject "authenticated" */ = {
			isa = XCConfigurationList;
			buildConfigurations = (
				55E1BD7727E1955B00F7ECC6 /* Debug */,
				55E1BD7827E1955B00F7ECC6 /* Release */,
			);
			defaultConfigurationIsVisible = 0;
			defaultConfigurationName = Release;
		};
		55E1BD7927E1955B00F7ECC6 /* Build configuration list for PBXNativeTarget "authenticated" */ = {
			isa = XCConfigurationList;
			buildConfigurations = (
				55E1BD7A27E1955B00F7ECC6 /* Debug */,
				55E1BD7B27E1955B00F7ECC6 /* Release */,
			);
			defaultConfigurationIsVisible = 0;
			defaultConfigurationName = Release;
		};
/* End XCConfigurationList section */

/* Begin XCRemoteSwiftPackageReference section */
		555B7AB627ED8D5A00196098 /* XCRemoteSwiftPackageReference "ElegantCalendar" */ = {
			isa = XCRemoteSwiftPackageReference;
			repositoryURL = "https://github.com/ThasianX/ElegantCalendar";
			requirement = {
				kind = upToNextMajorVersion;
				minimumVersion = 4.0.0;
			};
		};
/* End XCRemoteSwiftPackageReference section */

/* Begin XCSwiftPackageProductDependency section */
		555B7AB727ED8D5A00196098 /* ElegantCalendar */ = {
			isa = XCSwiftPackageProductDependency;
			package = 555B7AB627ED8D5A00196098 /* XCRemoteSwiftPackageReference "ElegantCalendar" */;
			productName = ElegantCalendar;
		};
/* End XCSwiftPackageProductDependency section */
	};
	rootObject = 55E1BD5D27E1955900F7ECC6 /* Project object */;
}
