// !$*UTF8*$!
{
	archiveVersion = 1;
	classes = {
	};
	objectVersion = 55;
	objects = {

/* Begin PBXBuildFile section */
		11F4F1E539353D7636843894 /* amplifyconfiguration.json in Resources */ = {isa = PBXBuildFile; fileRef = 58A83F6B7EFAD60770544423 /* amplifyconfiguration.json */; };
		550403322899E21E003793FA /* UsersListView.swift in Sources */ = {isa = PBXBuildFile; fileRef = 550403312899E21E003793FA /* UsersListView.swift */; };
		551715A5292F4D4A00D78949 /* AWSAmplify in Frameworks */ = {isa = PBXBuildFile; productRef = 551715A4292F4D4A00D78949 /* AWSAmplify */; };
		551715A7292F4D4A00D78949 /* AWSCognitoIdentity in Frameworks */ = {isa = PBXBuildFile; productRef = 551715A6292F4D4A00D78949 /* AWSCognitoIdentity */; };
		551715A9292F4D4A00D78949 /* AWSCognitoIdentityProvider in Frameworks */ = {isa = PBXBuildFile; productRef = 551715A8292F4D4A00D78949 /* AWSCognitoIdentityProvider */; };
		551715AB292F4D4A00D78949 /* AWSDynamoDB in Frameworks */ = {isa = PBXBuildFile; productRef = 551715AA292F4D4A00D78949 /* AWSDynamoDB */; };
		551715AD292F4D4A00D78949 /* AWSPinpoint in Frameworks */ = {isa = PBXBuildFile; productRef = 551715AC292F4D4A00D78949 /* AWSPinpoint */; };
		551715AF292F4D4A00D78949 /* AWSPinpointEmail in Frameworks */ = {isa = PBXBuildFile; productRef = 551715AE292F4D4A00D78949 /* AWSPinpointEmail */; };
		552D2F5B2805411A00AD5E05 /* Custom Date Picker.swift in Sources */ = {isa = PBXBuildFile; fileRef = 552D2F5A2805411A00AD5E05 /* Custom Date Picker.swift */; };
		553CA72C2806728500D734E6 /* SignUpForEventView.swift in Sources */ = {isa = PBXBuildFile; fileRef = 553CA72B2806728500D734E6 /* SignUpForEventView.swift */; };
		553CA72E2807B8DD00D734E6 /* CalendarView.swift in Sources */ = {isa = PBXBuildFile; fileRef = 553CA72D2807B8DD00D734E6 /* CalendarView.swift */; };
		556099A928AD9AF50017D129 /* UserProfileInformationView.swift in Sources */ = {isa = PBXBuildFile; fileRef = 556099A828AD9AF50017D129 /* UserProfileInformationView.swift */; };
		5576FA6B287F872C0070CE17 /* LoadingView.swift in Sources */ = {isa = PBXBuildFile; fileRef = 5576FA6A287F872C0070CE17 /* LoadingView.swift */; };
		55A13FBF27E1A8D800379E8D /* amplifyconfiguration.json in Resources */ = {isa = PBXBuildFile; fileRef = 55A13FBE27E1A8D800379E8D /* amplifyconfiguration.json */; };
		55A13FC127E1A8DF00379E8D /* awsconfiguration.json in Resources */ = {isa = PBXBuildFile; fileRef = 55A13FC027E1A8DF00379E8D /* awsconfiguration.json */; };
		55A13FC327E1B09200379E8D /* SessionManager.swift in Sources */ = {isa = PBXBuildFile; fileRef = 55A13FC227E1B09200379E8D /* SessionManager.swift */; };
		55C385FE2828A47700CA74B1 /* AddEventView.swift in Sources */ = {isa = PBXBuildFile; fileRef = 55C385FD2828A47700CA74B1 /* AddEventView.swift */; };
		55D8EEFE28BEE49F0062D145 /* SeeUsersInEachOutingView.swift in Sources */ = {isa = PBXBuildFile; fileRef = 55D8EEFD28BEE49F0062D145 /* SeeUsersInEachOutingView.swift */; };
		55DAE40F2908E750004E3A9B /* UserDetails+Schema.swift in Sources */ = {isa = PBXBuildFile; fileRef = 55DAE4072908E750004E3A9B /* UserDetails+Schema.swift */; };
		55DAE4102908E750004E3A9B /* UserGroup.swift in Sources */ = {isa = PBXBuildFile; fileRef = 55DAE4082908E750004E3A9B /* UserGroup.swift */; };
		55DAE4112908E750004E3A9B /* UserDetails.swift in Sources */ = {isa = PBXBuildFile; fileRef = 55DAE4092908E750004E3A9B /* UserDetails.swift */; };
		55DAE4122908E750004E3A9B /* UserDetailsOuting+Schema.swift in Sources */ = {isa = PBXBuildFile; fileRef = 55DAE40A2908E750004E3A9B /* UserDetailsOuting+Schema.swift */; };
		55DAE4132908E750004E3A9B /* AmplifyModels.swift in Sources */ = {isa = PBXBuildFile; fileRef = 55DAE40B2908E750004E3A9B /* AmplifyModels.swift */; };
		55DAE4142908E750004E3A9B /* UserDetailsOuting.swift in Sources */ = {isa = PBXBuildFile; fileRef = 55DAE40C2908E750004E3A9B /* UserDetailsOuting.swift */; };
		55DAE4152908E750004E3A9B /* Outing+Schema.swift in Sources */ = {isa = PBXBuildFile; fileRef = 55DAE40D2908E750004E3A9B /* Outing+Schema.swift */; };
		55DAE4162908E750004E3A9B /* Outing.swift in Sources */ = {isa = PBXBuildFile; fileRef = 55DAE40E2908E750004E3A9B /* Outing.swift */; };
		55DCC0A827E6A50800D2AB56 /* ResetPasswordView.swift in Sources */ = {isa = PBXBuildFile; fileRef = 55DCC0A727E6A50800D2AB56 /* ResetPasswordView.swift */; };
		55DCC0AC27E6BDBE00D2AB56 /* ConfirmResetPasswordView.swift in Sources */ = {isa = PBXBuildFile; fileRef = 55DCC0AB27E6BDBE00D2AB56 /* ConfirmResetPasswordView.swift */; };
		55E1BD6D27E1955900F7ECC6 /* ViewController.swift in Sources */ = {isa = PBXBuildFile; fileRef = 55E1BD6C27E1955900F7ECC6 /* ViewController.swift */; };
		55E1BD7027E1955900F7ECC6 /* Main.storyboard in Resources */ = {isa = PBXBuildFile; fileRef = 55E1BD6E27E1955900F7ECC6 /* Main.storyboard */; };
		55E1BD7227E1955B00F7ECC6 /* Assets.xcassets in Resources */ = {isa = PBXBuildFile; fileRef = 55E1BD7127E1955B00F7ECC6 /* Assets.xcassets */; };
		55E1BD7527E1955B00F7ECC6 /* LaunchScreen.storyboard in Resources */ = {isa = PBXBuildFile; fileRef = 55E1BD7327E1955B00F7ECC6 /* LaunchScreen.storyboard */; };
		55E1BD8127E195C100F7ECC6 /* AuthenticatedApp.swift in Sources */ = {isa = PBXBuildFile; fileRef = 55E1BD8027E195C100F7ECC6 /* AuthenticatedApp.swift */; };
		55E1BD8327E195D000F7ECC6 /* SignUpView.swift in Sources */ = {isa = PBXBuildFile; fileRef = 55E1BD8227E195D000F7ECC6 /* SignUpView.swift */; };
		55E1BD8527E195DF00F7ECC6 /* ConfirmationView.swift in Sources */ = {isa = PBXBuildFile; fileRef = 55E1BD8427E195DF00F7ECC6 /* ConfirmationView.swift */; };
		55E1BD8727E195EB00F7ECC6 /* LoginView.swift in Sources */ = {isa = PBXBuildFile; fileRef = 55E1BD8627E195EB00F7ECC6 /* LoginView.swift */; };
		55E9E08428B8506A00089930 /* ViewScheduledOutingsView.swift in Sources */ = {isa = PBXBuildFile; fileRef = 55E9E08328B8506A00089930 /* ViewScheduledOutingsView.swift */; };
		55ED7E3928A37A5B00499934 /* UpdateProfileInformationView.swift in Sources */ = {isa = PBXBuildFile; fileRef = 55ED7E3828A37A5B00499934 /* UpdateProfileInformationView.swift */; };
		55ED7E3B28A37A8800499934 /* AddProfileInformationView.swift in Sources */ = {isa = PBXBuildFile; fileRef = 55ED7E3A28A37A8800499934 /* AddProfileInformationView.swift */; };
		A5E670DD6FF7357A5D0946BF /* awsconfiguration.json in Resources */ = {isa = PBXBuildFile; fileRef = F171AF5D5F067E724ACE3503 /* awsconfiguration.json */; };
		F4EB489FC2A1D4D62C3FB7F3 /* Pods_authenticated.framework in Frameworks */ = {isa = PBXBuildFile; fileRef = 8E843DD01378F51F100A9E0C /* Pods_authenticated.framework */; };
/* End PBXBuildFile section */

/* Begin PBXFileReference section */
		41E0F9112DF622A5F516732A /* Pods-authenticated.debug.xcconfig */ = {isa = PBXFileReference; includeInIndex = 1; lastKnownFileType = text.xcconfig; name = "Pods-authenticated.debug.xcconfig"; path = "Target Support Files/Pods-authenticated/Pods-authenticated.debug.xcconfig"; sourceTree = "<group>"; };
		550403312899E21E003793FA /* UsersListView.swift */ = {isa = PBXFileReference; lastKnownFileType = sourcecode.swift; path = UsersListView.swift; sourceTree = "<group>"; };
		551715B0292F5F1900D78949 /* authenticated.entitlements */ = {isa = PBXFileReference; lastKnownFileType = text.plist.entitlements; path = authenticated.entitlements; sourceTree = "<group>"; };
		552D2F5A2805411A00AD5E05 /* Custom Date Picker.swift */ = {isa = PBXFileReference; lastKnownFileType = sourcecode.swift; path = "Custom Date Picker.swift"; sourceTree = "<group>"; };
		553CA72B2806728500D734E6 /* SignUpForEventView.swift */ = {isa = PBXFileReference; lastKnownFileType = sourcecode.swift; path = SignUpForEventView.swift; sourceTree = "<group>"; };
		553CA72D2807B8DD00D734E6 /* CalendarView.swift */ = {isa = PBXFileReference; lastKnownFileType = sourcecode.swift; path = CalendarView.swift; sourceTree = "<group>"; };
		556099A828AD9AF50017D129 /* UserProfileInformationView.swift */ = {isa = PBXFileReference; lastKnownFileType = sourcecode.swift; path = UserProfileInformationView.swift; sourceTree = "<group>"; };
		5576FA6A287F872C0070CE17 /* LoadingView.swift */ = {isa = PBXFileReference; lastKnownFileType = sourcecode.swift; path = LoadingView.swift; sourceTree = "<group>"; };
		55A13FBE27E1A8D800379E8D /* amplifyconfiguration.json */ = {isa = PBXFileReference; fileEncoding = 4; lastKnownFileType = text.json; path = amplifyconfiguration.json; sourceTree = SOURCE_ROOT; };
		55A13FC027E1A8DF00379E8D /* awsconfiguration.json */ = {isa = PBXFileReference; fileEncoding = 4; lastKnownFileType = text.json; path = awsconfiguration.json; sourceTree = SOURCE_ROOT; };
		55A13FC227E1B09200379E8D /* SessionManager.swift */ = {isa = PBXFileReference; lastKnownFileType = sourcecode.swift; path = SessionManager.swift; sourceTree = "<group>"; };
		55C385FD2828A47700CA74B1 /* AddEventView.swift */ = {isa = PBXFileReference; lastKnownFileType = sourcecode.swift; path = AddEventView.swift; sourceTree = "<group>"; };
		55D8EEFD28BEE49F0062D145 /* SeeUsersInEachOutingView.swift */ = {isa = PBXFileReference; lastKnownFileType = sourcecode.swift; path = SeeUsersInEachOutingView.swift; sourceTree = "<group>"; };
		55DAE4072908E750004E3A9B /* UserDetails+Schema.swift */ = {isa = PBXFileReference; fileEncoding = 4; lastKnownFileType = sourcecode.swift; path = "UserDetails+Schema.swift"; sourceTree = "<group>"; };
		55DAE4082908E750004E3A9B /* UserGroup.swift */ = {isa = PBXFileReference; fileEncoding = 4; lastKnownFileType = sourcecode.swift; path = UserGroup.swift; sourceTree = "<group>"; };
		55DAE4092908E750004E3A9B /* UserDetails.swift */ = {isa = PBXFileReference; fileEncoding = 4; lastKnownFileType = sourcecode.swift; path = UserDetails.swift; sourceTree = "<group>"; };
		55DAE40A2908E750004E3A9B /* UserDetailsOuting+Schema.swift */ = {isa = PBXFileReference; fileEncoding = 4; lastKnownFileType = sourcecode.swift; path = "UserDetailsOuting+Schema.swift"; sourceTree = "<group>"; };
		55DAE40B2908E750004E3A9B /* AmplifyModels.swift */ = {isa = PBXFileReference; fileEncoding = 4; lastKnownFileType = sourcecode.swift; path = AmplifyModels.swift; sourceTree = "<group>"; };
		55DAE40C2908E750004E3A9B /* UserDetailsOuting.swift */ = {isa = PBXFileReference; fileEncoding = 4; lastKnownFileType = sourcecode.swift; path = UserDetailsOuting.swift; sourceTree = "<group>"; };
		55DAE40D2908E750004E3A9B /* Outing+Schema.swift */ = {isa = PBXFileReference; fileEncoding = 4; lastKnownFileType = sourcecode.swift; path = "Outing+Schema.swift"; sourceTree = "<group>"; };
		55DAE40E2908E750004E3A9B /* Outing.swift */ = {isa = PBXFileReference; fileEncoding = 4; lastKnownFileType = sourcecode.swift; path = Outing.swift; sourceTree = "<group>"; };
		55DCC0A727E6A50800D2AB56 /* ResetPasswordView.swift */ = {isa = PBXFileReference; lastKnownFileType = sourcecode.swift; path = ResetPasswordView.swift; sourceTree = "<group>"; };
		55DCC0AB27E6BDBE00D2AB56 /* ConfirmResetPasswordView.swift */ = {isa = PBXFileReference; lastKnownFileType = sourcecode.swift; path = ConfirmResetPasswordView.swift; sourceTree = "<group>"; };
		55E1BD6527E1955900F7ECC6 /* authenticated.app */ = {isa = PBXFileReference; explicitFileType = wrapper.application; includeInIndex = 0; path = authenticated.app; sourceTree = BUILT_PRODUCTS_DIR; };
		55E1BD6C27E1955900F7ECC6 /* ViewController.swift */ = {isa = PBXFileReference; lastKnownFileType = sourcecode.swift; path = ViewController.swift; sourceTree = "<group>"; };
		55E1BD6F27E1955900F7ECC6 /* Base */ = {isa = PBXFileReference; lastKnownFileType = file.storyboard; name = Base; path = Base.lproj/Main.storyboard; sourceTree = "<group>"; };
		55E1BD7127E1955B00F7ECC6 /* Assets.xcassets */ = {isa = PBXFileReference; lastKnownFileType = folder.assetcatalog; path = Assets.xcassets; sourceTree = "<group>"; };
		55E1BD7427E1955B00F7ECC6 /* Base */ = {isa = PBXFileReference; lastKnownFileType = file.storyboard; name = Base; path = Base.lproj/LaunchScreen.storyboard; sourceTree = "<group>"; };
		55E1BD7627E1955B00F7ECC6 /* Info.plist */ = {isa = PBXFileReference; lastKnownFileType = text.plist.xml; path = Info.plist; sourceTree = "<group>"; };
		55E1BD8027E195C100F7ECC6 /* AuthenticatedApp.swift */ = {isa = PBXFileReference; lastKnownFileType = sourcecode.swift; path = AuthenticatedApp.swift; sourceTree = "<group>"; };
		55E1BD8227E195D000F7ECC6 /* SignUpView.swift */ = {isa = PBXFileReference; lastKnownFileType = sourcecode.swift; path = SignUpView.swift; sourceTree = "<group>"; };
		55E1BD8427E195DF00F7ECC6 /* ConfirmationView.swift */ = {isa = PBXFileReference; lastKnownFileType = sourcecode.swift; path = ConfirmationView.swift; sourceTree = "<group>"; };
		55E1BD8627E195EB00F7ECC6 /* LoginView.swift */ = {isa = PBXFileReference; lastKnownFileType = sourcecode.swift; path = LoginView.swift; sourceTree = "<group>"; };
		55E9E08328B8506A00089930 /* ViewScheduledOutingsView.swift */ = {isa = PBXFileReference; lastKnownFileType = sourcecode.swift; path = ViewScheduledOutingsView.swift; sourceTree = "<group>"; };
		55ED7E3828A37A5B00499934 /* UpdateProfileInformationView.swift */ = {isa = PBXFileReference; lastKnownFileType = sourcecode.swift; path = UpdateProfileInformationView.swift; sourceTree = "<group>"; };
		55ED7E3A28A37A8800499934 /* AddProfileInformationView.swift */ = {isa = PBXFileReference; lastKnownFileType = sourcecode.swift; path = AddProfileInformationView.swift; sourceTree = "<group>"; };
		58A83F6B7EFAD60770544423 /* amplifyconfiguration.json */ = {isa = PBXFileReference; explicitFileType = text.json; path = amplifyconfiguration.json; sourceTree = "<group>"; };
		8E843DD01378F51F100A9E0C /* Pods_authenticated.framework */ = {isa = PBXFileReference; explicitFileType = wrapper.framework; includeInIndex = 0; path = Pods_authenticated.framework; sourceTree = BUILT_PRODUCTS_DIR; };
		E63B7B4E6552DD623BF7F587 /* Pods-authenticated.release.xcconfig */ = {isa = PBXFileReference; includeInIndex = 1; lastKnownFileType = text.xcconfig; name = "Pods-authenticated.release.xcconfig"; path = "Target Support Files/Pods-authenticated/Pods-authenticated.release.xcconfig"; sourceTree = "<group>"; };
		F171AF5D5F067E724ACE3503 /* awsconfiguration.json */ = {isa = PBXFileReference; explicitFileType = text.json; path = awsconfiguration.json; sourceTree = "<group>"; };
/* End PBXFileReference section */

/* Begin PBXFrameworksBuildPhase section */
		55E1BD6227E1955900F7ECC6 /* Frameworks */ = {
			isa = PBXFrameworksBuildPhase;
			buildActionMask = 2147483647;
			files = (
				551715A7292F4D4A00D78949 /* AWSCognitoIdentity in Frameworks */,
				551715A9292F4D4A00D78949 /* AWSCognitoIdentityProvider in Frameworks */,
				551715AF292F4D4A00D78949 /* AWSPinpointEmail in Frameworks */,
				551715AB292F4D4A00D78949 /* AWSDynamoDB in Frameworks */,
				551715AD292F4D4A00D78949 /* AWSPinpoint in Frameworks */,
				F4EB489FC2A1D4D62C3FB7F3 /* Pods_authenticated.framework in Frameworks */,
				551715A5292F4D4A00D78949 /* AWSAmplify in Frameworks */,
			);
			runOnlyForDeploymentPostprocessing = 0;
		};
/* End PBXFrameworksBuildPhase section */

/* Begin PBXGroup section */
		55DAE4062908E750004E3A9B /* models */ = {
			isa = PBXGroup;
			children = (
				55DAE4072908E750004E3A9B /* UserDetails+Schema.swift */,
				55DAE4082908E750004E3A9B /* UserGroup.swift */,
				55DAE4092908E750004E3A9B /* UserDetails.swift */,
				55DAE40A2908E750004E3A9B /* UserDetailsOuting+Schema.swift */,
				55DAE40B2908E750004E3A9B /* AmplifyModels.swift */,
				55DAE40C2908E750004E3A9B /* UserDetailsOuting.swift */,
				55DAE40D2908E750004E3A9B /* Outing+Schema.swift */,
				55DAE40E2908E750004E3A9B /* Outing.swift */,
			);
			name = models;
			path = amplify/generated/models;
			sourceTree = "<group>";
		};
		55E1BD5C27E1955900F7ECC6 = {
			isa = PBXGroup;
			children = (
				55E1BD6727E1955900F7ECC6 /* authenticated */,
				55DAE4062908E750004E3A9B /* models */,
				A0362CF16D2959F9047B429B /* Pods */,
				55E1BD6627E1955900F7ECC6 /* Products */,
				BA4809BC38C4EDB9F5E7FD2F /* AmplifyConfig */,
				FC638D31D55DF1B89D3C462B /* Frameworks */,
			);
			sourceTree = "<group>";
		};
		55E1BD6627E1955900F7ECC6 /* Products */ = {
			isa = PBXGroup;
			children = (
				55E1BD6527E1955900F7ECC6 /* authenticated.app */,
			);
			name = Products;
			sourceTree = "<group>";
		};
		55E1BD6727E1955900F7ECC6 /* authenticated */ = {
			isa = PBXGroup;
			children = (
				551715B0292F5F1900D78949 /* authenticated.entitlements */,
				55A13FBE27E1A8D800379E8D /* amplifyconfiguration.json */,
				55A13FC027E1A8DF00379E8D /* awsconfiguration.json */,
				55E1BD8627E195EB00F7ECC6 /* LoginView.swift */,
				55DCC0A727E6A50800D2AB56 /* ResetPasswordView.swift */,
				55A13FC227E1B09200379E8D /* SessionManager.swift */,
				55E1BD8027E195C100F7ECC6 /* AuthenticatedApp.swift */,
				5576FA6A287F872C0070CE17 /* LoadingView.swift */,
				550403312899E21E003793FA /* UsersListView.swift */,
				55E1BD8227E195D000F7ECC6 /* SignUpView.swift */,
				556099A828AD9AF50017D129 /* UserProfileInformationView.swift */,
				55D8EEFD28BEE49F0062D145 /* SeeUsersInEachOutingView.swift */,
				55E9E08328B8506A00089930 /* ViewScheduledOutingsView.swift */,
				55E1BD8427E195DF00F7ECC6 /* ConfirmationView.swift */,
				55C385FD2828A47700CA74B1 /* AddEventView.swift */,
				55ED7E3A28A37A8800499934 /* AddProfileInformationView.swift */,
				55DCC0AB27E6BDBE00D2AB56 /* ConfirmResetPasswordView.swift */,
				552D2F5A2805411A00AD5E05 /* Custom Date Picker.swift */,
				553CA72B2806728500D734E6 /* SignUpForEventView.swift */,
				55ED7E3828A37A5B00499934 /* UpdateProfileInformationView.swift */,
				553CA72D2807B8DD00D734E6 /* CalendarView.swift */,
				55E1BD6C27E1955900F7ECC6 /* ViewController.swift */,
				55E1BD6E27E1955900F7ECC6 /* Main.storyboard */,
				55E1BD7127E1955B00F7ECC6 /* Assets.xcassets */,
				55E1BD7327E1955B00F7ECC6 /* LaunchScreen.storyboard */,
				55E1BD7627E1955B00F7ECC6 /* Info.plist */,
			);
			path = authenticated;
			sourceTree = "<group>";
		};
		A0362CF16D2959F9047B429B /* Pods */ = {
			isa = PBXGroup;
			children = (
				41E0F9112DF622A5F516732A /* Pods-authenticated.debug.xcconfig */,
				E63B7B4E6552DD623BF7F587 /* Pods-authenticated.release.xcconfig */,
			);
			path = Pods;
			sourceTree = "<group>";
		};
		BA4809BC38C4EDB9F5E7FD2F /* AmplifyConfig */ = {
			isa = PBXGroup;
			children = (
				F171AF5D5F067E724ACE3503 /* awsconfiguration.json */,
				58A83F6B7EFAD60770544423 /* amplifyconfiguration.json */,
			);
			name = AmplifyConfig;
			sourceTree = "<group>";
		};
		FC638D31D55DF1B89D3C462B /* Frameworks */ = {
			isa = PBXGroup;
			children = (
				8E843DD01378F51F100A9E0C /* Pods_authenticated.framework */,
			);
			name = Frameworks;
			sourceTree = "<group>";
		};
/* End PBXGroup section */

/* Begin PBXNativeTarget section */
		55E1BD6427E1955900F7ECC6 /* authenticated */ = {
			isa = PBXNativeTarget;
			buildConfigurationList = 55E1BD7927E1955B00F7ECC6 /* Build configuration list for PBXNativeTarget "authenticated" */;
			buildPhases = (
				B6DCC1E5C5B5C2FEF0F5691A /* [CP] Check Pods Manifest.lock */,
				55E1BD6127E1955900F7ECC6 /* Sources */,
				55E1BD6227E1955900F7ECC6 /* Frameworks */,
				55E1BD6327E1955900F7ECC6 /* Resources */,
				4DB92503B278FF28BFC995D7 /* [CP] Embed Pods Frameworks */,
			);
			buildRules = (
			);
			dependencies = (
			);
			name = authenticated;
			packageProductDependencies = (
				551715A4292F4D4A00D78949 /* AWSAmplify */,
				551715A6292F4D4A00D78949 /* AWSCognitoIdentity */,
				551715A8292F4D4A00D78949 /* AWSCognitoIdentityProvider */,
				551715AA292F4D4A00D78949 /* AWSDynamoDB */,
				551715AC292F4D4A00D78949 /* AWSPinpoint */,
				551715AE292F4D4A00D78949 /* AWSPinpointEmail */,
			);
			productName = authenticated;
			productReference = 55E1BD6527E1955900F7ECC6 /* authenticated.app */;
			productType = "com.apple.product-type.application";
		};
/* End PBXNativeTarget section */

/* Begin PBXProject section */
		55E1BD5D27E1955900F7ECC6 /* Project object */ = {
			isa = PBXProject;
			attributes = {
				BuildIndependentTargetsInParallel = 1;
				LastSwiftUpdateCheck = 1320;
				LastUpgradeCheck = 1320;
				TargetAttributes = {
					55E1BD6427E1955900F7ECC6 = {
						CreatedOnToolsVersion = 13.2.1;
					};
				};
			};
			buildConfigurationList = 55E1BD6027E1955900F7ECC6 /* Build configuration list for PBXProject "authenticated" */;
			compatibilityVersion = "Xcode 13.0";
			developmentRegion = en;
			hasScannedForEncodings = 0;
			knownRegions = (
				en,
				Base,
			);
			mainGroup = 55E1BD5C27E1955900F7ECC6;
			packageReferences = (
				551715A3292F4D4A00D78949 /* XCRemoteSwiftPackageReference "aws-sdk-swift" */,
			);
			productRefGroup = 55E1BD6627E1955900F7ECC6 /* Products */;
			projectDirPath = "";
			projectRoot = "";
			targets = (
				55E1BD6427E1955900F7ECC6 /* authenticated */,
			);
		};
/* End PBXProject section */

/* Begin PBXResourcesBuildPhase section */
		55E1BD6327E1955900F7ECC6 /* Resources */ = {
			isa = PBXResourcesBuildPhase;
			buildActionMask = 2147483647;
			files = (
				55E1BD7527E1955B00F7ECC6 /* LaunchScreen.storyboard in Resources */,
				55A13FC127E1A8DF00379E8D /* awsconfiguration.json in Resources */,
				55A13FBF27E1A8D800379E8D /* amplifyconfiguration.json in Resources */,
				55E1BD7227E1955B00F7ECC6 /* Assets.xcassets in Resources */,
				55E1BD7027E1955900F7ECC6 /* Main.storyboard in Resources */,
				A5E670DD6FF7357A5D0946BF /* awsconfiguration.json in Resources */,
				11F4F1E539353D7636843894 /* amplifyconfiguration.json in Resources */,
			);
			runOnlyForDeploymentPostprocessing = 0;
		};
/* End PBXResourcesBuildPhase section */

/* Begin PBXShellScriptBuildPhase section */
		4DB92503B278FF28BFC995D7 /* [CP] Embed Pods Frameworks */ = {
			isa = PBXShellScriptBuildPhase;
			buildActionMask = 2147483647;
			files = (
			);
			inputFileListPaths = (
				"${PODS_ROOT}/Target Support Files/Pods-authenticated/Pods-authenticated-frameworks-${CONFIGURATION}-input-files.xcfilelist",
			);
			name = "[CP] Embed Pods Frameworks";
			outputFileListPaths = (
				"${PODS_ROOT}/Target Support Files/Pods-authenticated/Pods-authenticated-frameworks-${CONFIGURATION}-output-files.xcfilelist",
			);
			runOnlyForDeploymentPostprocessing = 0;
			shellPath = /bin/sh;
			shellScript = "\"${PODS_ROOT}/Target Support Files/Pods-authenticated/Pods-authenticated-frameworks.sh\"\n";
			showEnvVarsInLog = 0;
		};
		B6DCC1E5C5B5C2FEF0F5691A /* [CP] Check Pods Manifest.lock */ = {
			isa = PBXShellScriptBuildPhase;
			buildActionMask = 2147483647;
			files = (
			);
			inputFileListPaths = (
			);
			inputPaths = (
				"${PODS_PODFILE_DIR_PATH}/Podfile.lock",
				"${PODS_ROOT}/Manifest.lock",
			);
			name = "[CP] Check Pods Manifest.lock";
			outputFileListPaths = (
			);
			outputPaths = (
				"$(DERIVED_FILE_DIR)/Pods-authenticated-checkManifestLockResult.txt",
			);
			runOnlyForDeploymentPostprocessing = 0;
			shellPath = /bin/sh;
			shellScript = "diff \"${PODS_PODFILE_DIR_PATH}/Podfile.lock\" \"${PODS_ROOT}/Manifest.lock\" > /dev/null\nif [ $? != 0 ] ; then\n    # print error to STDERR\n    echo \"error: The sandbox is not in sync with the Podfile.lock. Run 'pod install' or update your CocoaPods installation.\" >&2\n    exit 1\nfi\n# This output is used by Xcode 'outputs' to avoid re-running this script phase.\necho \"SUCCESS\" > \"${SCRIPT_OUTPUT_FILE_0}\"\n";
			showEnvVarsInLog = 0;
		};
/* End PBXShellScriptBuildPhase section */

/* Begin PBXSourcesBuildPhase section */
		55E1BD6127E1955900F7ECC6 /* Sources */ = {
			isa = PBXSourcesBuildPhase;
			buildActionMask = 2147483647;
			files = (
				55E1BD8127E195C100F7ECC6 /* AuthenticatedApp.swift in Sources */,
				55DAE4102908E750004E3A9B /* UserGroup.swift in Sources */,
				55E1BD8527E195DF00F7ECC6 /* ConfirmationView.swift in Sources */,
				553CA72C2806728500D734E6 /* SignUpForEventView.swift in Sources */,
				55DAE4132908E750004E3A9B /* AmplifyModels.swift in Sources */,
				55DCC0A827E6A50800D2AB56 /* ResetPasswordView.swift in Sources */,
				5576FA6B287F872C0070CE17 /* LoadingView.swift in Sources */,
				55DAE4122908E750004E3A9B /* UserDetailsOuting+Schema.swift in Sources */,
				55C385FE2828A47700CA74B1 /* AddEventView.swift in Sources */,
				550403322899E21E003793FA /* UsersListView.swift in Sources */,
				556099A928AD9AF50017D129 /* UserProfileInformationView.swift in Sources */,
				55E1BD6D27E1955900F7ECC6 /* ViewController.swift in Sources */,
				553CA72E2807B8DD00D734E6 /* CalendarView.swift in Sources */,
				55ED7E3B28A37A8800499934 /* AddProfileInformationView.swift in Sources */,
				55D8EEFE28BEE49F0062D145 /* SeeUsersInEachOutingView.swift in Sources */,
				55ED7E3928A37A5B00499934 /* UpdateProfileInformationView.swift in Sources */,
				55E9E08428B8506A00089930 /* ViewScheduledOutingsView.swift in Sources */,
				55E1BD8327E195D000F7ECC6 /* SignUpView.swift in Sources */,
				552D2F5B2805411A00AD5E05 /* Custom Date Picker.swift in Sources */,
				55DAE4142908E750004E3A9B /* UserDetailsOuting.swift in Sources */,
				55DAE4112908E750004E3A9B /* UserDetails.swift in Sources */,
				55DAE40F2908E750004E3A9B /* UserDetails+Schema.swift in Sources */,
				55DAE4162908E750004E3A9B /* Outing.swift in Sources */,
				55DCC0AC27E6BDBE00D2AB56 /* ConfirmResetPasswordView.swift in Sources */,
				55E1BD8727E195EB00F7ECC6 /* LoginView.swift in Sources */,
				55DAE4152908E750004E3A9B /* Outing+Schema.swift in Sources */,
				55A13FC327E1B09200379E8D /* SessionManager.swift in Sources */,
			);
			runOnlyForDeploymentPostprocessing = 0;
		};
/* End PBXSourcesBuildPhase section */

/* Begin PBXVariantGroup section */
		55E1BD6E27E1955900F7ECC6 /* Main.storyboard */ = {
			isa = PBXVariantGroup;
			children = (
				55E1BD6F27E1955900F7ECC6 /* Base */,
			);
			name = Main.storyboard;
			sourceTree = "<group>";
		};
		55E1BD7327E1955B00F7ECC6 /* LaunchScreen.storyboard */ = {
			isa = PBXVariantGroup;
			children = (
				55E1BD7427E1955B00F7ECC6 /* Base */,
			);
			name = LaunchScreen.storyboard;
			sourceTree = "<group>";
		};
/* End PBXVariantGroup section */

/* Begin XCBuildConfiguration section */
		55E1BD7727E1955B00F7ECC6 /* Debug */ = {
			isa = XCBuildConfiguration;
			buildSettings = {
				ALWAYS_SEARCH_USER_PATHS = NO;
				CLANG_ANALYZER_NONNULL = YES;
				CLANG_ANALYZER_NUMBER_OBJECT_CONVERSION = YES_AGGRESSIVE;
				CLANG_CXX_LANGUAGE_STANDARD = "gnu++17";
				CLANG_CXX_LIBRARY = "libc++";
				CLANG_ENABLE_MODULES = YES;
				CLANG_ENABLE_OBJC_ARC = YES;
				CLANG_ENABLE_OBJC_WEAK = YES;
				CLANG_WARN_BLOCK_CAPTURE_AUTORELEASING = YES;
				CLANG_WARN_BOOL_CONVERSION = YES;
				CLANG_WARN_COMMA = YES;
				CLANG_WARN_CONSTANT_CONVERSION = YES;
				CLANG_WARN_DEPRECATED_OBJC_IMPLEMENTATIONS = YES;
				CLANG_WARN_DIRECT_OBJC_ISA_USAGE = YES_ERROR;
				CLANG_WARN_DOCUMENTATION_COMMENTS = YES;
				CLANG_WARN_EMPTY_BODY = YES;
				CLANG_WARN_ENUM_CONVERSION = YES;
				CLANG_WARN_INFINITE_RECURSION = YES;
				CLANG_WARN_INT_CONVERSION = YES;
				CLANG_WARN_NON_LITERAL_NULL_CONVERSION = YES;
				CLANG_WARN_OBJC_IMPLICIT_RETAIN_SELF = YES;
				CLANG_WARN_OBJC_LITERAL_CONVERSION = YES;
				CLANG_WARN_OBJC_ROOT_CLASS = YES_ERROR;
				CLANG_WARN_QUOTED_INCLUDE_IN_FRAMEWORK_HEADER = YES;
				CLANG_WARN_RANGE_LOOP_ANALYSIS = YES;
				CLANG_WARN_STRICT_PROTOTYPES = YES;
				CLANG_WARN_SUSPICIOUS_MOVE = YES;
				CLANG_WARN_UNGUARDED_AVAILABILITY = YES_AGGRESSIVE;
				CLANG_WARN_UNREACHABLE_CODE = YES;
				CLANG_WARN__DUPLICATE_METHOD_MATCH = YES;
				COPY_PHASE_STRIP = NO;
				DEBUG_INFORMATION_FORMAT = dwarf;
				ENABLE_STRICT_OBJC_MSGSEND = YES;
				ENABLE_TESTABILITY = YES;
				GCC_C_LANGUAGE_STANDARD = gnu11;
				GCC_DYNAMIC_NO_PIC = NO;
				GCC_NO_COMMON_BLOCKS = NO;
				GCC_OPTIMIZATION_LEVEL = 0;
				GCC_PREPROCESSOR_DEFINITIONS = (
					"DEBUG=1",
					"$(inherited)",
				);
				GCC_WARN_64_TO_32_BIT_CONVERSION = YES;
				GCC_WARN_ABOUT_RETURN_TYPE = YES_ERROR;
				GCC_WARN_UNDECLARED_SELECTOR = YES;
				GCC_WARN_UNINITIALIZED_AUTOS = YES_AGGRESSIVE;
				GCC_WARN_UNUSED_FUNCTION = YES;
				GCC_WARN_UNUSED_VARIABLE = YES;
				IPHONEOS_DEPLOYMENT_TARGET = 15.2;
				MTL_ENABLE_DEBUG_INFO = INCLUDE_SOURCE;
				MTL_FAST_MATH = YES;
				ONLY_ACTIVE_ARCH = YES;
				SDKROOT = iphoneos;
				SWIFT_ACTIVE_COMPILATION_CONDITIONS = DEBUG;
				SWIFT_OPTIMIZATION_LEVEL = "-Onone";
			};
			name = Debug;
		};
		55E1BD7827E1955B00F7ECC6 /* Release */ = {
			isa = XCBuildConfiguration;
			buildSettings = {
				ALWAYS_SEARCH_USER_PATHS = NO;
				CLANG_ANALYZER_NONNULL = YES;
				CLANG_ANALYZER_NUMBER_OBJECT_CONVERSION = YES_AGGRESSIVE;
				CLANG_CXX_LANGUAGE_STANDARD = "gnu++17";
				CLANG_CXX_LIBRARY = "libc++";
				CLANG_ENABLE_MODULES = YES;
				CLANG_ENABLE_OBJC_ARC = YES;
				CLANG_ENABLE_OBJC_WEAK = YES;
				CLANG_WARN_BLOCK_CAPTURE_AUTORELEASING = YES;
				CLANG_WARN_BOOL_CONVERSION = YES;
				CLANG_WARN_COMMA = YES;
				CLANG_WARN_CONSTANT_CONVERSION = YES;
				CLANG_WARN_DEPRECATED_OBJC_IMPLEMENTATIONS = YES;
				CLANG_WARN_DIRECT_OBJC_ISA_USAGE = YES_ERROR;
				CLANG_WARN_DOCUMENTATION_COMMENTS = YES;
				CLANG_WARN_EMPTY_BODY = YES;
				CLANG_WARN_ENUM_CONVERSION = YES;
				CLANG_WARN_INFINITE_RECURSION = YES;
				CLANG_WARN_INT_CONVERSION = YES;
				CLANG_WARN_NON_LITERAL_NULL_CONVERSION = YES;
				CLANG_WARN_OBJC_IMPLICIT_RETAIN_SELF = YES;
				CLANG_WARN_OBJC_LITERAL_CONVERSION = YES;
				CLANG_WARN_OBJC_ROOT_CLASS = YES_ERROR;
				CLANG_WARN_QUOTED_INCLUDE_IN_FRAMEWORK_HEADER = YES;
				CLANG_WARN_RANGE_LOOP_ANALYSIS = YES;
				CLANG_WARN_STRICT_PROTOTYPES = YES;
				CLANG_WARN_SUSPICIOUS_MOVE = YES;
				CLANG_WARN_UNGUARDED_AVAILABILITY = YES_AGGRESSIVE;
				CLANG_WARN_UNREACHABLE_CODE = YES;
				CLANG_WARN__DUPLICATE_METHOD_MATCH = YES;
				COPY_PHASE_STRIP = NO;
				DEBUG_INFORMATION_FORMAT = "dwarf-with-dsym";
				ENABLE_NS_ASSERTIONS = NO;
				ENABLE_STRICT_OBJC_MSGSEND = YES;
				GCC_C_LANGUAGE_STANDARD = gnu11;
				GCC_NO_COMMON_BLOCKS = NO;
				GCC_WARN_64_TO_32_BIT_CONVERSION = YES;
				GCC_WARN_ABOUT_RETURN_TYPE = YES_ERROR;
				GCC_WARN_UNDECLARED_SELECTOR = YES;
				GCC_WARN_UNINITIALIZED_AUTOS = YES_AGGRESSIVE;
				GCC_WARN_UNUSED_FUNCTION = YES;
				GCC_WARN_UNUSED_VARIABLE = YES;
				IPHONEOS_DEPLOYMENT_TARGET = 15.2;
				MTL_ENABLE_DEBUG_INFO = NO;
				MTL_FAST_MATH = YES;
				SDKROOT = iphoneos;
				SWIFT_COMPILATION_MODE = wholemodule;
				SWIFT_OPTIMIZATION_LEVEL = "-O";
				VALIDATE_PRODUCT = YES;
			};
			name = Release;
		};
		55E1BD7A27E1955B00F7ECC6 /* Debug */ = {
			isa = XCBuildConfiguration;
			baseConfigurationReference = 41E0F9112DF622A5F516732A /* Pods-authenticated.debug.xcconfig */;
			buildSettings = {
				ASSETCATALOG_COMPILER_APPICON_NAME = AppIcon;
				ASSETCATALOG_COMPILER_GLOBAL_ACCENT_COLOR_NAME = AccentColor;
				CODE_SIGN_ENTITLEMENTS = authenticated/authenticated.entitlements;
				CODE_SIGN_STYLE = Automatic;
				CURRENT_PROJECT_VERSION = 1;
				DEVELOPMENT_TEAM = XA5F4W2SXP;
				GENERATE_INFOPLIST_FILE = YES;
				INFOPLIST_FILE = authenticated/Info.plist;
				INFOPLIST_KEY_UIApplicationSceneManifest_Generation = YES;
				INFOPLIST_KEY_UIApplicationSupportsIndirectInputEvents = YES;
				INFOPLIST_KEY_UILaunchStoryboardName = LaunchScreen;
				INFOPLIST_KEY_UIMainStoryboardFile = Main;
				INFOPLIST_KEY_UIRequiredDeviceCapabilities = armv7;
				INFOPLIST_KEY_UISupportedInterfaceOrientations = "UIInterfaceOrientationPortrait UIInterfaceOrientationLandscapeLeft UIInterfaceOrientationLandscapeRight";
				INFOPLIST_KEY_UISupportedInterfaceOrientations_iPad = "UIInterfaceOrientationPortrait UIInterfaceOrientationPortraitUpsideDown UIInterfaceOrientationLandscapeLeft UIInterfaceOrientationLandscapeRight";
				INFOPLIST_KEY_UISupportedInterfaceOrientations_iPhone = "UIInterfaceOrientationPortrait UIInterfaceOrientationLandscapeLeft UIInterfaceOrientationLandscapeRight";
				INFOPLIST_KEY_UIUserInterfaceStyle = Light;
				IPHONEOS_DEPLOYMENT_TARGET = 15.2;
				LD_RUNPATH_SEARCH_PATHS = (
					"$(inherited)",
					"@executable_path/Frameworks",
				);
				MARKETING_VERSION = 1.0;
				PRODUCT_BUNDLE_IDENTIFIER = pivotpoint.authenticated;
				PRODUCT_NAME = "$(TARGET_NAME)";
				SWIFT_EMIT_LOC_STRINGS = YES;
				SWIFT_VERSION = 5.0;
				TARGETED_DEVICE_FAMILY = "1,2";
			};
			name = Debug;
		};
		55E1BD7B27E1955B00F7ECC6 /* Release */ = {
			isa = XCBuildConfiguration;
			baseConfigurationReference = E63B7B4E6552DD623BF7F587 /* Pods-authenticated.release.xcconfig */;
			buildSettings = {
				ASSETCATALOG_COMPILER_APPICON_NAME = AppIcon;
				ASSETCATALOG_COMPILER_GLOBAL_ACCENT_COLOR_NAME = AccentColor;
				CODE_SIGN_ENTITLEMENTS = authenticated/authenticated.entitlements;
				CODE_SIGN_STYLE = Automatic;
				CURRENT_PROJECT_VERSION = 1;
				DEVELOPMENT_TEAM = XA5F4W2SXP;
				GENERATE_INFOPLIST_FILE = YES;
				INFOPLIST_FILE = authenticated/Info.plist;
				INFOPLIST_KEY_UIApplicationSceneManifest_Generation = YES;
				INFOPLIST_KEY_UIApplicationSupportsIndirectInputEvents = YES;
				INFOPLIST_KEY_UILaunchStoryboardName = LaunchScreen;
				INFOPLIST_KEY_UIMainStoryboardFile = Main;
				INFOPLIST_KEY_UIRequiredDeviceCapabilities = armv7;
				INFOPLIST_KEY_UISupportedInterfaceOrientations = "UIInterfaceOrientationPortrait UIInterfaceOrientationLandscapeLeft UIInterfaceOrientationLandscapeRight";
				INFOPLIST_KEY_UISupportedInterfaceOrientations_iPad = "UIInterfaceOrientationPortrait UIInterfaceOrientationPortraitUpsideDown UIInterfaceOrientationLandscapeLeft UIInterfaceOrientationLandscapeRight";
				INFOPLIST_KEY_UISupportedInterfaceOrientations_iPhone = "UIInterfaceOrientationPortrait UIInterfaceOrientationLandscapeLeft UIInterfaceOrientationLandscapeRight";
				INFOPLIST_KEY_UIUserInterfaceStyle = Light;
				IPHONEOS_DEPLOYMENT_TARGET = 15.2;
				LD_RUNPATH_SEARCH_PATHS = (
					"$(inherited)",
					"@executable_path/Frameworks",
				);
				MARKETING_VERSION = 1.0;
				PRODUCT_BUNDLE_IDENTIFIER = pivotpoint.authenticated;
				PRODUCT_NAME = "$(TARGET_NAME)";
				SWIFT_EMIT_LOC_STRINGS = YES;
				SWIFT_VERSION = 5.0;
				TARGETED_DEVICE_FAMILY = "1,2";
			};
			name = Release;
		};
/* End XCBuildConfiguration section */

/* Begin XCConfigurationList section */
		55E1BD6027E1955900F7ECC6 /* Build configuration list for PBXProject "authenticated" */ = {
			isa = XCConfigurationList;
			buildConfigurations = (
				55E1BD7727E1955B00F7ECC6 /* Debug */,
				55E1BD7827E1955B00F7ECC6 /* Release */,
			);
			defaultConfigurationIsVisible = 0;
			defaultConfigurationName = Release;
		};
		55E1BD7927E1955B00F7ECC6 /* Build configuration list for PBXNativeTarget "authenticated" */ = {
			isa = XCConfigurationList;
			buildConfigurations = (
				55E1BD7A27E1955B00F7ECC6 /* Debug */,
				55E1BD7B27E1955B00F7ECC6 /* Release */,
			);
			defaultConfigurationIsVisible = 0;
			defaultConfigurationName = Release;
		};
/* End XCConfigurationList section */

/* Begin XCRemoteSwiftPackageReference section */
		551715A3292F4D4A00D78949 /* XCRemoteSwiftPackageReference "aws-sdk-swift" */ = {
			isa = XCRemoteSwiftPackageReference;
			repositoryURL = "https://github.com/awslabs/aws-sdk-swift";
			requirement = {
				branch = main;
				kind = branch;
			};
		};
/* End XCRemoteSwiftPackageReference section */

/* Begin XCSwiftPackageProductDependency section */
		551715A4292F4D4A00D78949 /* AWSAmplify */ = {
			isa = XCSwiftPackageProductDependency;
			package = 551715A3292F4D4A00D78949 /* XCRemoteSwiftPackageReference "aws-sdk-swift" */;
			productName = AWSAmplify;
		};
		551715A6292F4D4A00D78949 /* AWSCognitoIdentity */ = {
			isa = XCSwiftPackageProductDependency;
			package = 551715A3292F4D4A00D78949 /* XCRemoteSwiftPackageReference "aws-sdk-swift" */;
			productName = AWSCognitoIdentity;
		};
		551715A8292F4D4A00D78949 /* AWSCognitoIdentityProvider */ = {
			isa = XCSwiftPackageProductDependency;
			package = 551715A3292F4D4A00D78949 /* XCRemoteSwiftPackageReference "aws-sdk-swift" */;
			productName = AWSCognitoIdentityProvider;
		};
		551715AA292F4D4A00D78949 /* AWSDynamoDB */ = {
			isa = XCSwiftPackageProductDependency;
			package = 551715A3292F4D4A00D78949 /* XCRemoteSwiftPackageReference "aws-sdk-swift" */;
			productName = AWSDynamoDB;
		};
		551715AC292F4D4A00D78949 /* AWSPinpoint */ = {
			isa = XCSwiftPackageProductDependency;
			package = 551715A3292F4D4A00D78949 /* XCRemoteSwiftPackageReference "aws-sdk-swift" */;
			productName = AWSPinpoint;
		};
		551715AE292F4D4A00D78949 /* AWSPinpointEmail */ = {
			isa = XCSwiftPackageProductDependency;
			package = 551715A3292F4D4A00D78949 /* XCRemoteSwiftPackageReference "aws-sdk-swift" */;
			productName = AWSPinpointEmail;
		};
/* End XCSwiftPackageProductDependency section */
	};
	rootObject = 55E1BD5D27E1955900F7ECC6 /* Project object */;
}
